hash: 11f266b3cc643535766b6f9846979597980b50bba1242861f943c7dc752e93b9
updated: 2018-01-06T14:14:30.731116+08:00
imports:
- name: github.com/dgrijalva/jwt-go
  version: dbeaa9332f19a944acb5736b4456cfcc02140e29
  subpackages:
  - request
- name: github.com/garyburd/redigo
  version: d1ed5c67e5794de818ea85e6b522fda02623a484
  subpackages:
  - internal
  - redis
- name: github.com/gin-contrib/sse
  version: 22d885f9ecc78bf4ee5d72b937e4bbcdc58e8cae
- name: github.com/gin-gonic/gin
  version: d459835d2b077e44f7c9b453505ee29881d5d12d
  subpackages:
  - binding
  - render
- name: github.com/go-crazy/go-crazy
  version: cef9473f2bd8a791c4579245f53ca62af4addfc7
  subpackages:
  - app/Services/JwtAuth/controllers
  - app/Services/JwtAuth/core/authentication
  - app/Services/JwtAuth/core/redis
  - app/Services/JwtAuth/parameters
  - app/Services/JwtAuth/services
  - app/Services/JwtAuth/services/models
  - app/Services/JwtAuth/settings
- name: github.com/golang/protobuf
  version: 1e59b77b52bf8e4b449a57e6f79f21226d571845
  subpackages:
  - proto
- name: github.com/mattn/go-isatty
  version: 0360b2af4f38e8d38c7fce2a9f4e702702d73a39
- name: github.com/ugorji/go
  version: ccfe18359b55b97855cee1d3f74e5efbda4869dc
  subpackages:
  - codec
- name: golang.org/x/crypto
  version: 0fcca4842a8d74bfddc2c96a073bd2a4d2a7a2e8
  subpackages:
  - bcrypt
  - blowfish
- name: golang.org/x/net
  version: d866cfc389cec985d6fda2859936a575a55a3ab6
- name: golang.org/x/sys
  version: a646d33e2ee3172a661fc09bca23bb4889a41bc8
  subpackages:
  - unix
- name: gopkg.in/go-playground/validator.v8
  version: 5f1438d3fca68893a817e4a66806cea46a9e4ebf
- name: gopkg.in/yaml.v2
  version: 287cf08546ab5e7e37d55a84f7ed3fd1db036de5
testImports:
- name: github.com/codegangsta/negroni
  version: 5dbbc83f748fc3ad38585842b0aedab546d0ea1e
- name: github.com/davecgh/go-spew
  version: ecdeabc65495df2dec95d7c4a4c3e021903035e5
  subpackages:
  - spew
- name: github.com/pmezard/go-difflib
  version: 792786c7400a136282c1664665ae0a8db921c6c2
  subpackages:
  - difflib
- name: github.com/stretchr/testify
  version: b91bfb9ebec76498946beb6af7c0230c7cc7ba6c
  subpackages:
  - assert
